
Microsoft Visual Studio Solution File, Format Version 12.00
# Visual Studio Version 17
VisualStudioVersion = 17.2.32516.85
MinimumVisualStudioVersion = 10.0.40219.1
Project("{9A19103F-16F7-4668-BE54-9A1E7A4F7556}") = "WpfFrame", "WpfFrame\WpfFrame.csproj", "{D7740707-04EE-4382-96AA-EF6DB8E1DEAE}"
EndProject
Project("{9A19103F-16F7-4668-BE54-9A1E7A4F7556}") = "WpfFrame.Demo", "WpfFrame.Demo\WpfFrame.Demo.csproj", "{DA488438-E912-4E8B-92DD-C8E5942649AF}"
EndProject
Project("{9A19103F-16F7-4668-BE54-9A1E7A4F7556}") = "WpfFrame.MessageBox", "WpfFrame.MessageBox\WpfFrame.MessageBox.csproj", "{EADF42A2-20AF-4F67-923B-246882190DF7}"
EndProject
Project("{9A19103F-16F7-4668-BE54-9A1E7A4F7556}") = "Xiejiang.DataGridEx.WPF", "WpfFrame.DataGrid\Xiejiang.DataGridEx.WPF.csproj", "{337D6685-862C-45AE-8361-D48A732EA7BC}"
EndProject
Project("{FAE04EC0-301F-11D3-BF4B-00C04F79EFBC}") = "WpfCustomControlLibrary1", "WpfCustomControlLibrary1\WpfCustomControlLibrary1.csproj", "{42DF5D3B-4E20-41BA-B1DC-A402837E2863}"
EndProject
Project("{FAE04EC0-301F-11D3-BF4B-00C04F79EFBC}") = "Xiejiang.DataGridEx.WPF.Sample", "Xiejiang.DataGridEx.WPF.Sample\Xiejiang.DataGridEx.WPF.Sample.csproj", "{B283D153-960E-4B97-A122-67671F7D64B5}"
EndProject
Global
	GlobalSection(SolutionConfigurationPlatforms) = preSolution
		Debug|Any CPU = Debug|Any CPU
		Release|Any CPU = Release|Any CPU
	EndGlobalSection
	GlobalSection(ProjectConfigurationPlatforms) = postSolution
		{D7740707-04EE-4382-96AA-EF6DB8E1DEAE}.Debug|Any CPU.ActiveCfg = Debug|Any CPU
		{D7740707-04EE-4382-96AA-EF6DB8E1DEAE}.Debug|Any CPU.Build.0 = Debug|Any CPU
		{D7740707-04EE-4382-96AA-EF6DB8E1DEAE}.Release|Any CPU.ActiveCfg = Release|Any CPU
		{D7740707-04EE-4382-96AA-EF6DB8E1DEAE}.Release|Any CPU.Build.0 = Release|Any CPU
		{DA488438-E912-4E8B-92DD-C8E5942649AF}.Debug|Any CPU.ActiveCfg = Debug|Any CPU
		{DA488438-E912-4E8B-92DD-C8E5942649AF}.Debug|Any CPU.Build.0 = Debug|Any CPU
		{DA488438-E912-4E8B-92DD-C8E5942649AF}.Release|Any CPU.ActiveCfg = Release|Any CPU
		{DA488438-E912-4E8B-92DD-C8E5942649AF}.Release|Any CPU.Build.0 = Release|Any CPU
		{EADF42A2-20AF-4F67-923B-246882190DF7}.Debug|Any CPU.ActiveCfg = Debug|Any CPU
		{EADF42A2-20AF-4F67-923B-246882190DF7}.Debug|Any CPU.Build.0 = Debug|Any CPU
		{EADF42A2-20AF-4F67-923B-246882190DF7}.Release|Any CPU.ActiveCfg = Release|Any CPU
		{EADF42A2-20AF-4F67-923B-246882190DF7}.Release|Any CPU.Build.0 = Release|Any CPU
		{337D6685-862C-45AE-8361-D48A732EA7BC}.Debug|Any CPU.ActiveCfg = Debug|Any CPU
		{337D6685-862C-45AE-8361-D48A732EA7BC}.Debug|Any CPU.Build.0 = Debug|Any CPU
		{337D6685-862C-45AE-8361-D48A732EA7BC}.Release|Any CPU.ActiveCfg = Release|Any CPU
		{337D6685-862C-45AE-8361-D48A732EA7BC}.Release|Any CPU.Build.0 = Release|Any CPU
		{42DF5D3B-4E20-41BA-B1DC-A402837E2863}.Debug|Any CPU.ActiveCfg = Debug|Any CPU
		{42DF5D3B-4E20-41BA-B1DC-A402837E2863}.Debug|Any CPU.Build.0 = Debug|Any CPU
		{42DF5D3B-4E20-41BA-B1DC-A402837E2863}.Release|Any CPU.ActiveCfg = Release|Any CPU
		{42DF5D3B-4E20-41BA-B1DC-A402837E2863}.Release|Any CPU.Build.0 = Release|Any CPU
		{B283D153-960E-4B97-A122-67671F7D64B5}.Debug|Any CPU.ActiveCfg = Debug|Any CPU
		{B283D153-960E-4B97-A122-67671F7D64B5}.Debug|Any CPU.Build.0 = Debug|Any CPU
		{B283D153-960E-4B97-A122-67671F7D64B5}.Release|Any CPU.ActiveCfg = Release|Any CPU
		{B283D153-960E-4B97-A122-67671F7D64B5}.Release|Any CPU.Build.0 = Release|Any CPU
	EndGlobalSection
	GlobalSection(SolutionProperties) = preSolution
		HideSolutionNode = FALSE
	EndGlobalSection
	GlobalSection(ExtensibilityGlobals) = postSolution
		SolutionGuid = {1B43C402-DE0B-4C92-BC1D-097B7A50F139}
	EndGlobalSection
EndGlobal
